
Microsoft Visual Studio Solution File, Format Version 12.00
# Visual Studio Version 16
VisualStudioVersion = 16.0.30104.148
MinimumVisualStudioVersion = 10.0.40219.1
Project("{FAE04EC0-301F-11D3-BF4B-00C04F79EFBC}") = "SchoolManagement", "SchoolManagement\SchoolManagement.csproj", "{942DA7B4-5EE4-48BF-967F-5EBCBDF266FE}"
EndProject
Global
	GlobalSection(SolutionConfigurationPlatforms) = preSolution
		Debug|Any CPU = Debug|Any CPU
		Release|Any CPU = Release|Any CPU
	EndGlobalSection
	GlobalSection(ProjectConfigurationPlatforms) = postSolution
		{942DA7B4-5EE4-48BF-967F-5EBCBDF266FE}.Debug|Any CPU.ActiveCfg = Debug|Any CPU
		{942DA7B4-5EE4-48BF-967F-5EBCBDF266FE}.Debug|Any CPU.Build.0 = Debug|Any CPU
		{942DA7B4-5EE4-48BF-967F-5EBCBDF266FE}.Release|Any CPU.ActiveCfg = Release|Any CPU
		{942DA7B4-5EE4-48BF-967F-5EBCBDF266FE}.Release|Any CPU.Build.0 = Release|Any CPU
	EndGlobalSection
	GlobalSection(SolutionProperties) = preSolution
		HideSolutionNode = FALSE
	EndGlobalSection
	GlobalSection(ExtensibilityGlobals) = postSolution
		SolutionGuid = {1623DEF6-B9B8-44A8-B0A7-FFB010FB04A4}
	EndGlobalSection
EndGlobal
